{
  "version": "2",
  "remote": {
    "https://crux.land/api/get/uYQG.ts": "7be58811e3095cf468a323380aff64515bc30d025da53262894cbca77f50fefc",
    "https://deno.land/std@0.128.0/async/deadline.ts": "48ac998d7564969f3e6ec6b6f9bf0217ebd00239b1b2292feba61272d5dd58d0",
    "https://deno.land/std@0.128.0/async/debounce.ts": "564273ef242bcfcda19a439132f940db8694173abffc159ea34f07d18fc42620",
    "https://deno.land/std@0.128.0/async/deferred.ts": "bc18e28108252c9f67dfca2bbc4587c3cbf3aeb6e155f8c864ca8ecff992b98a",
    "https://deno.land/std@0.128.0/async/delay.ts": "cbbdf1c87d1aed8edc7bae13592fb3e27e3106e0748f089c263390d4f49e5f6c",
    "https://deno.land/std@0.128.0/async/mod.ts": "a28709190a1966cb50e5815ef269bb588ee192373cde73b1096641820dc52a36",
    "https://deno.land/std@0.128.0/async/mux_async_iterator.ts": "f4d1d259b0c694d381770ddaaa4b799a94843eba80c17f4a2ec2949168e52d1e",
    "https://deno.land/std@0.128.0/async/pool.ts": "97b0dd27c69544e374df857a40902e74e39532f226005543eabacb551e277082",
    "https://deno.land/std@0.128.0/async/tee.ts": "1341feb1f5b1a96f8628d0f8fc07d8c43d3813423f18a63bf1b4785568d21b1f",
    "https://deno.land/std@0.128.0/http/server.ts": "10c3a7814666cdbabd6f9c18acdcc4593e222275a628280a4868881445fbb5bc",
    "https://deno.land/std@0.150.0/_util/assert.ts": "e94f2eb37cebd7f199952e242c77654e43333c1ac4c5c700e929ea3aa5489f74",
    "https://deno.land/std@0.150.0/_util/os.ts": "3b4c6e27febd119d36a416d7a97bd3b0251b77c88942c8f16ee5953ea13e2e49",
    "https://deno.land/std@0.150.0/async/abortable.ts": "87aa7230be8360c24ad437212311c9e8d4328854baec27b4c7abb26e85515c06",
    "https://deno.land/std@0.150.0/async/deadline.ts": "48ac998d7564969f3e6ec6b6f9bf0217ebd00239b1b2292feba61272d5dd58d0",
    "https://deno.land/std@0.150.0/async/debounce.ts": "564273ef242bcfcda19a439132f940db8694173abffc159ea34f07d18fc42620",
    "https://deno.land/std@0.150.0/async/deferred.ts": "bc18e28108252c9f67dfca2bbc4587c3cbf3aeb6e155f8c864ca8ecff992b98a",
    "https://deno.land/std@0.150.0/async/delay.ts": "cbbdf1c87d1aed8edc7bae13592fb3e27e3106e0748f089c263390d4f49e5f6c",
    "https://deno.land/std@0.150.0/async/mod.ts": "9852cd8ed897ab2d41a8fbee611d574e97898327db5c19d9d58e41126473f02c",
    "https://deno.land/std@0.150.0/async/mux_async_iterator.ts": "5b4aca6781ad0f2e19ccdf1d1a1c092ccd3e00d52050d9c27c772658c8367256",
    "https://deno.land/std@0.150.0/async/pool.ts": "ef9eb97b388543acbf0ac32647121e4dbe629236899586c4d4311a8770fbb239",
    "https://deno.land/std@0.150.0/async/tee.ts": "bcfae0017ebb718cf4eef9e2420e8675d91cb1bcc0ed9b668681af6e6caad846",
    "https://deno.land/std@0.150.0/flags/mod.ts": "594472736e24b2f2afd3451cf7ccd58a21706ce91006478a544fdfa056c69697",
    "https://deno.land/std@0.150.0/fs/_util.ts": "2cf50bfb1081c2d5f2efec10ac19abbc2baf478e51cd1b057d0da2f30585b6ba",
    "https://deno.land/std@0.150.0/fs/walk.ts": "6ce8d87fbaeda23383e979599ad27f3f94b3e5ff0c0cd976b5fc5c2aa0df7d92",
    "https://deno.land/std@0.150.0/http/http_status.ts": "897575a7d6bc2b9123f6a38ecbc0f03d95a532c5d92029315dc9f508e12526b8",
    "https://deno.land/std@0.150.0/http/server.ts": "0b0a9f3abfcfecead944b31ee9098a0c11a59b0495bf873ee200eb80e7441483",
    "https://deno.land/std@0.150.0/media_types/_util.ts": "ce9b4fc4ba1c447dafab619055e20fd88236ca6bdd7834a21f98bd193c3fbfa1",
    "https://deno.land/std@0.150.0/media_types/mod.ts": "2d4b6f32a087029272dc59e0a55ae3cc4d1b27b794ccf528e94b1925795b3118",
    "https://deno.land/std@0.150.0/media_types/vendor/mime-db.v1.52.0.ts": "724cee25fa40f1a52d3937d6b4fbbfdd7791ff55e1b7ac08d9319d5632c7f5af",
    "https://deno.land/std@0.150.0/path/_constants.ts": "df1db3ffa6dd6d1252cc9617e5d72165cd2483df90e93833e13580687b6083c3",
    "https://deno.land/std@0.150.0/path/_interface.ts": "ee3b431a336b80cf445441109d089b70d87d5e248f4f90ff906820889ecf8d09",
    "https://deno.land/std@0.150.0/path/_util.ts": "c1e9686d0164e29f7d880b2158971d805b6e0efc3110d0b3e24e4b8af2190d2b",
    "https://deno.land/std@0.150.0/path/common.ts": "bee563630abd2d97f99d83c96c2fa0cca7cee103e8cb4e7699ec4d5db7bd2633",
    "https://deno.land/std@0.150.0/path/glob.ts": "cb5255638de1048973c3e69e420c77dc04f75755524cb3b2e160fe9277d939ee",
    "https://deno.land/std@0.150.0/path/mod.ts": "4945b430b759b0b3d98f2a278542cbcf95e0ad2bd8eaaed3c67322b306b2b346",
    "https://deno.land/std@0.150.0/path/posix.ts": "c1f7afe274290ea0b51da07ee205653b2964bd74909a82deb07b69a6cc383aaa",
    "https://deno.land/std@0.150.0/path/separator.ts": "fe1816cb765a8068afb3e8f13ad272351c85cbc739af56dacfc7d93d710fe0f9",
    "https://deno.land/std@0.150.0/path/win32.ts": "bd7549042e37879c68ff2f8576a25950abbfca1d696d41d82c7bca0b7e6f452c",
    "https://deno.land/std@0.150.0/semver/mod.ts": "4a5195fa81b4aede8875a386550a1119f01fb58d74aea899b2cfb136c05a7310",
    "https://deno.land/x/denoflate@1.2.1/mod.ts": "f5628e44b80b3d80ed525afa2ba0f12408e3849db817d47a883b801f9ce69dd6",
    "https://deno.land/x/denoflate@1.2.1/pkg/denoflate.js": "b9f9ad9457d3f12f28b1fb35c555f57443427f74decb403113d67364e4f2caf4",
    "https://deno.land/x/denoflate@1.2.1/pkg/denoflate_bg.wasm.js": "d581956245407a2115a3d7e8d85a9641c032940a8e810acbd59ca86afd34d44d",
    "https://deno.land/x/esbuild@v0.14.51/mod.d.ts": "c142324d0383c39de0d7660cd207a7f7f52c7198a13d7d3281c0d636a070f441",
    "https://deno.land/x/esbuild@v0.14.51/mod.js": "7432566c71fac77637822dc230319c7392a2d2fef51204c9d12c956d7093c279",
    "https://deno.land/x/esbuild@v0.14.51/wasm.d.ts": "c142324d0383c39de0d7660cd207a7f7f52c7198a13d7d3281c0d636a070f441",
    "https://deno.land/x/esbuild@v0.14.51/wasm.js": "afc1b6927543b664af60ce452c4929e5dc2bb9a0f4ed47b446a6431847c7598e",
    "https://deno.land/x/esbuild_deno_loader@0.5.2/deps.ts": "bf83c27b7787b2f245fa0bc0b99f5041aa949c000a81c016cfe828d06b476d37",
    "https://deno.land/x/esbuild_deno_loader@0.5.2/mod.ts": "bc111a68f323dbdb6edec68dd558ab732b27866d2ef304708872d763387b65d7",
    "https://deno.land/x/esbuild_deno_loader@0.5.2/src/deno.ts": "0e83ccabbe2b004389288e38df2031b79eb347df2d139fce9394d8e88a11f259",
    "https://deno.land/x/esbuild_deno_loader@0.5.2/src/native_loader.ts": "343854a566cf510cf25144f7c09fc0c1097780a31830305142a075d12bb697ba",
    "https://deno.land/x/esbuild_deno_loader@0.5.2/src/portable_loader.ts": "35b6c526eed8c2c781a3256b23c30aa7cce69c0ef1d583c15528663287ba18a3",
    "https://deno.land/x/esbuild_deno_loader@0.5.2/src/shared.ts": "b64749cd8c0f6252a11498bd8758ef1220003e46b2c9b68e16da63fd7e92b13a",
    "https://deno.land/x/fresh@1.0.2/dev.ts": "a66c7d64be35bcd6a8e12eec9c27ae335044c70363a241f2e36ee776db468622",
    "https://deno.land/x/fresh@1.0.2/runtime.ts": "b02ec1e2e32cf73a33d262b7c9dcab9468ce16cd89fd424196c71003698a4ab0",
    "https://deno.land/x/fresh@1.0.2/server.ts": "f379c9aad24471a71e58fb887fa57e5cc27ad9df035987eb260541c78df38e84",
    "https://deno.land/x/fresh@1.0.2/src/dev/deps.ts": "f8c9535688ab63f6cd5bd8477f5f0a665b7baab3e3bda343e6d824b1521eed4d",
    "https://deno.land/x/fresh@1.0.2/src/dev/error.ts": "21a38d240c00279662e6adde41367f1da0ae7e2836d993f818ea94aabab53e7b",
    "https://deno.land/x/fresh@1.0.2/src/dev/mod.ts": "b37d7c2f6b2a502d2a8ced7c3ab3cbf4404458566274226eac5d3fee310b26fa",
    "https://deno.land/x/fresh@1.0.2/src/runtime/csp.ts": "9ee900e9b0b786057b1009da5976298c202d1b86d1f1e4d2510bde5f06530ac9",
    "https://deno.land/x/fresh@1.0.2/src/runtime/head.ts": "0f9932874497ab6e57ed1ba01d549e843523df4a5d36ef97460e7a43e3132fdc",
    "https://deno.land/x/fresh@1.0.2/src/runtime/utils.ts": "8320a874a44bdd5905c7d4b87a0e7a14a6c50a2ed133800e72ae57341e4d4faa",
    "https://deno.land/x/fresh@1.0.2/src/server/bundle.ts": "ab5afa89da62aaf12b3fb9ef9ee6e71e5d92abafe9f4169305939007e16a47ba",
    "https://deno.land/x/fresh@1.0.2/src/server/constants.ts": "ad10dda1bc20c25c2926f6a8cfd79ef4368d70b4b03a645f65c04b3fa7d93a8c",
    "https://deno.land/x/fresh@1.0.2/src/server/context.ts": "90001a33e8298a55654d80017a0e684b7132f7eb41ea9dee041d982742dd84d5",
    "https://deno.land/x/fresh@1.0.2/src/server/default_error_page.tsx": "b216f6688080ead5a2a9997d04a98eb9e11cf5a87391c2a85458b48ab0fe2933",
    "https://deno.land/x/fresh@1.0.2/src/server/deps.ts": "7629e67c2ec6221b2596c1ec7215bfea68d8784645cc5627e208eb808f2beb4c",
    "https://deno.land/x/fresh@1.0.2/src/server/mod.ts": "5ee410a16d56d0884772d2f5674fe519d2159f9311c99e03a5631079064320a8",
    "https://deno.land/x/fresh@1.0.2/src/server/render.tsx": "7835efdac931c21d27eb145fb5eb429e54b6f7b2c42442a627cfaad9bd062cca",
    "https://deno.land/x/fresh@1.0.2/src/server/types.ts": "c968f263626f2fd5b5fc44b31982eaf3cfd9c0ced5f961d257bdfdbcfb2ed8cb",
    "https://deno.land/x/importmap@0.2.1/_util.ts": "ada9a9618b537e6c0316c048a898352396c882b9f2de38aba18fd3f2950ede89",
    "https://deno.land/x/importmap@0.2.1/mod.ts": "ae3d1cd7eabd18c01a4960d57db471126b020f23b37ef14e1359bbb949227ade",
    "https://esm.sh/@supabase/supabase-js@1.35.6": "389986ceec06bc0c3689b478ef33f49267877541a5c7a08ea4296eb5a48d54f5",
    "https://esm.sh/preact-render-to-string@5.2.1?external=preact": "6668e4b3e58ab7a53048580ffc02421a8233cfd2720d7b2f8a16b841bb0f23c7",
    "https://esm.sh/preact@10.10.0": "e9561ca361044c5a5740ed573a1e5842326842a519bcc74aa3a3b821e0df4108",
    "https://esm.sh/preact@10.10.0/hooks": "5af2a2355a2bbd1a7d1a087bae4211ff1b6b924879fb0c1c6a822a0c4f2aae2f",
    "https://esm.sh/twind@0.16.17": "8c7d7addc7c0baabe5d0b8935f1df5df4b77d2a6f233a848a4370f410c65f556",
    "https://esm.sh/twind@0.16.17/sheets": "2e3901e031a963e5c8405269e983e5f55164c7dbaaffc71c74a93e2eebe55d4c",
    "https://esm.sh/v86/csstype@3.1.0/index.d.ts": "ba7617784f6b9aeac5e20c5eea869bbc3ef31b905f59c796b0fd401dae17c111",
    "https://esm.sh/v86/style-vendorizer@2.1.1/deno/style-vendorizer.js": "b842b7fd1ae1a12480dd97485e7956040f65eaef98cb5d37eb85b8888fc64469",
    "https://esm.sh/v86/twind@0.16.17/deno/sheets.js": "f75586c3a778278f99ca9e6761e8c8a2089c66d6a503bb25e3bba38597fe1e30",
    "https://esm.sh/v86/twind@0.16.17/deno/twind.js": "07c39074caa0ac782496ac7c3afb0b72d826c832864dd0bd5d59ce622c7364ac",
    "https://esm.sh/v86/twind@0.16.17/sheets/sheets.d.ts": "53ccb606f357a056fd4a5874bc4f048109ca6589812efd129821065f64b89cd3",
    "https://esm.sh/v86/twind@0.16.17/twind.d.ts": "da8b72266b714ee6c148b7c55b50c0686e43190e8fa7cebe2d504a07de8e36ad",
    "https://esm.sh/v91/@supabase/functions-js@1.3.4/deno/functions-js.js": "a9718f3a5ba33d8fb5fb26254385a78082ed7d69489c4ac980d1f76f91c29979",
    "https://esm.sh/v91/@supabase/functions-js@1.3.4/dist/module/index.d.ts": "88d9d5c482fd00057e47afb95b204059b817763c481ad8fd76b976a5fdad5181",
    "https://esm.sh/v91/@supabase/functions-js@1.3.4/dist/module/types.d.ts": "97ea2a052b4f33565295e7b6d1418d26b61e802d4515155ff4de734fb73a932a",
    "https://esm.sh/v91/@supabase/gotrue-js@1.22.22/deno/gotrue-js.js": "c3467862de1111940e0eab601c05f9b235095815c683cc39dd18048a16c449a5",
    "https://esm.sh/v91/@supabase/gotrue-js@1.22.22/dist/module/GoTrueApi.d.ts": "9826b20f773b20d598f986091cadccee642810e5567bbdc864da177b86f157a2",
    "https://esm.sh/v91/@supabase/gotrue-js@1.22.22/dist/module/GoTrueClient.d.ts": "a1180405e80ec02d4d364f49d24f68b5926a8d5e349de3770dfb77ae195088af",
    "https://esm.sh/v91/@supabase/gotrue-js@1.22.22/dist/module/index.d.ts": "a81c5527a5e21da98bd821db07950ab5c1e2ca499e84d3af3134232d15cea8ee",
    "https://esm.sh/v91/@supabase/gotrue-js@1.22.22/dist/module/lib/fetch.d.ts": "68adc6de94a2dd86a09ee6dc5e292fa0611813b0ab21cde39cb557aacf301d4d",
    "https://esm.sh/v91/@supabase/gotrue-js@1.22.22/dist/module/lib/types.d.ts": "153f43d531da4bf5ab87ff0d3245b7175e2bbf6be9bf4c2419c50d5cde35b0a2",
    "https://esm.sh/v91/@supabase/postgrest-js@0.37.4/deno/postgrest-js.js": "acc0bcb3b24c41ec1c0abe4091ebe9443a52b71b8024ebc46888a51785244606",
    "https://esm.sh/v91/@supabase/postgrest-js@0.37.4/dist/module/PostgrestClient.d.ts": "1f6c8fd94ad55208c9dbb6e8669adc4fe5db4c0c23b81c77ed7d0af764ea6857",
    "https://esm.sh/v91/@supabase/postgrest-js@0.37.4/dist/module/index.d.ts": "ec8892c676ae5497b44f94e26e862e30e1419abf872728d94c08b781cba07a90",
    "https://esm.sh/v91/@supabase/postgrest-js@0.37.4/dist/module/lib/PostgrestFilterBuilder.d.ts": "0ef020b3e17ae0a25c187fc55990c2b36210827fd2e38b9205d1d4ead8201a02",
    "https://esm.sh/v91/@supabase/postgrest-js@0.37.4/dist/module/lib/PostgrestQueryBuilder.d.ts": "da3c017706eec6683d27fa21ec5722b195e323f53fbbbcac75e340752f9ab3dc",
    "https://esm.sh/v91/@supabase/postgrest-js@0.37.4/dist/module/lib/PostgrestTransformBuilder.d.ts": "9c23d606830fc5f207af24b07700f862bf825ed4eb2456d79e0f1d97eced2042",
    "https://esm.sh/v91/@supabase/postgrest-js@0.37.4/dist/module/lib/types.d.ts": "d5be981c5ad0336999d86a9c438ab9ea76f5f8be8c5103b6d55af2fed85c205c",
    "https://esm.sh/v91/@supabase/realtime-js@1.7.4/deno/realtime-js.js": "d1b545f8ec1c96dcc5f08b3c3dc1f1afc7ce3f007cecb56b97415b184f72c7e9",
    "https://esm.sh/v91/@supabase/realtime-js@1.7.4/dist/module/RealtimeClient.d.ts": "d067e19417d631bcd06a509eff6fb3f32d899f1347c0d182ce533dab9f50b241",
    "https://esm.sh/v91/@supabase/realtime-js@1.7.4/dist/module/RealtimeSubscription.d.ts": "bf660e2de63a34d3a841b60065f96eb479ba3b3e81d036daf194c50207a2a89e",
    "https://esm.sh/v91/@supabase/realtime-js@1.7.4/dist/module/index.d.ts": "c30b2c56818f93f9a726e389fd2e96ce0a723caf17e8e509f1b7b30337484cca",
    "https://esm.sh/v91/@supabase/realtime-js@1.7.4/dist/module/lib/constants.d.ts": "b8392f2eb7cf41c3479c142875adbbe4b48bfafdced532165abc1cc68aa20cb5",
    "https://esm.sh/v91/@supabase/realtime-js@1.7.4/dist/module/lib/push.d.ts": "79a75a9696d0b0bbe626614780afcd7b9641eaa2b0e22b7f3241dd020ffc7589",
    "https://esm.sh/v91/@supabase/realtime-js@1.7.4/dist/module/lib/serializer.d.ts": "4990f875f6e9a1898655fdba7b822222f8b930bfb7c9253b4f047aa4b05d4ca1",
    "https://esm.sh/v91/@supabase/realtime-js@1.7.4/dist/module/lib/timer.d.ts": "ddf170afd193dc372316ed1f4a087f0e9732a5b8bd9cb9e5c3ac74f1cc676e31",
    "https://esm.sh/v91/@supabase/realtime-js@1.7.4/dist/module/lib/transformers.d.ts": "7d48cf9114d770158dac276a93382f6e6b2d0c1fe563f463dccfd05b798db54f",
    "https://esm.sh/v91/@supabase/storage-js@1.7.3/deno/storage-js.js": "a54e994f964159fc68332a83f07a847e6cb7872d6465b0ee10db40ead25ff398",
    "https://esm.sh/v91/@supabase/storage-js@1.7.3/dist/module/StorageClient.d.ts": "bf8d39df125f56198444d5b086a8e2129586e0ec36cf60edc532084e4f76baa0",
    "https://esm.sh/v91/@supabase/storage-js@1.7.3/dist/module/index.d.ts": "b2c4803f5f61e839e3d09cc1a17b5812389e17ef68f7040e92199e89f7bc0d5c",
    "https://esm.sh/v91/@supabase/storage-js@1.7.3/dist/module/lib/StorageBucketApi.d.ts": "9908ab345d21bd854a598888303d2361e24f0299c5477fe0d072b043d55751b9",
    "https://esm.sh/v91/@supabase/storage-js@1.7.3/dist/module/lib/StorageFileApi.d.ts": "4c4f727fb87c0c9a5c2bb5a90f9044cb7735adf44c77aa971e649b8b7312266f",
    "https://esm.sh/v91/@supabase/storage-js@1.7.3/dist/module/lib/constants.d.ts": "c521b227c3bf3bf60807c36424ac2c575ac088cd1b50da880f1fca8ab18198ea",
    "https://esm.sh/v91/@supabase/storage-js@1.7.3/dist/module/lib/fetch.d.ts": "e813237e484f3bccc439f070e710cb8a7411b8716ad3284897e9091e3580b6af",
    "https://esm.sh/v91/@supabase/storage-js@1.7.3/dist/module/lib/index.d.ts": "1847fc2baf867156426311507838760146177aae022b0a7a522076b8318dc27b",
    "https://esm.sh/v91/@supabase/storage-js@1.7.3/dist/module/lib/types.d.ts": "5145954f43385a10ad61b7de05c90d551b84af054d8d6c04a6c343f1afd9640c",
    "https://esm.sh/v91/@supabase/supabase-js@1.35.6/deno/supabase-js.js": "1b29ddeaa6e63627661fa9284f27e2442285a1a570bf3e22ab903970da036338",
    "https://esm.sh/v91/@supabase/supabase-js@1.35.6/dist/module/SupabaseClient.d.ts": "fb9bcc11c35778625e204f9431d573301b30956a37f9ef157fc3597c3aa45570",
    "https://esm.sh/v91/@supabase/supabase-js@1.35.6/dist/module/index.d.ts": "fa41627573a1b3cd58d80e8c7ec688f6e2c2750b350c2ddda45252083c42b1fa",
    "https://esm.sh/v91/@supabase/supabase-js@1.35.6/dist/module/lib/SupabaseAuthClient.d.ts": "e7dfe8b165c9e0a8ae920bbceec8ab5d6ea10d76def01df7c12c794558198977",
    "https://esm.sh/v91/@supabase/supabase-js@1.35.6/dist/module/lib/SupabaseQueryBuilder.d.ts": "caf0a4a8d81d50ea8f67f1139b4d0f3e55fb31595010f6210f436116935f1e1c",
    "https://esm.sh/v91/@supabase/supabase-js@1.35.6/dist/module/lib/SupabaseRealtimeClient.d.ts": "aa0175d2c275052d8f413390422b3dfb70f52df40658a1bcd1defcbe06133f1a",
    "https://esm.sh/v91/@supabase/supabase-js@1.35.6/dist/module/lib/types.d.ts": "d586ebffc3ffb56f5df6f0554c5d951fb872828cc8a0c0fe8281714769b9c6c2",
    "https://esm.sh/v91/cross-fetch@3.1.5/deno/cross-fetch.js": "a95bfccd8f77891fe1979bd9ac414e56feec01afffb11abca000929719de7cc3",
    "https://esm.sh/v91/es5-ext@0.10.62/deno/global.js": "17f5318602f1810be13fba7eb0d5fc2d8ac3dd5117f1ff13f8377eab2e2a4784",
    "https://esm.sh/v91/node.ns.d.ts": "0fb081f0cd2150931bd54baa04f31466abd9ca701fd9060d07931402cf8367ba",
    "https://esm.sh/v91/preact-render-to-string@5.2.1/X-ZS9wcmVhY3Q/deno/preact-render-to-string.js": "ad49a0c92cfa93339a267f6ff6bd91adf6e1d492198a63051956dab2263c6218",
    "https://esm.sh/v91/preact-render-to-string@5.2.1/X-ZS9wcmVhY3Q/src/index.d.ts": "b1d73703252c8570fdf2952475805f5808ba3511fefbd93a3e7bd8406de7dcd0",
    "https://esm.sh/v91/preact@10.10.0/deno/hooks.js": "01072cfc3467e26ab6ee2a7e9abcb00fb1d8fe38d5b3d1063ac62c2b7884dc2e",
    "https://esm.sh/v91/preact@10.10.0/deno/preact.js": "b0b5f4c36e1c83b61cc79ffda59bc57d105682a644760f3ff31a709ecd33ae43",
    "https://esm.sh/v91/preact@10.10.0/hooks/src/index.d.ts": "272fdead5f29c6ad17b8332588a1652fc5bbefb97b5f29d931c55342f4b024f9",
    "https://esm.sh/v91/preact@10.10.0/src/index.d.ts": "d3e2e5125321d592d2458226f311de66411f2fa949e546cbaaefa533c4fb89e3",
    "https://esm.sh/v91/preact@10.10.0/src/jsx.d.ts": "d6bcf6c6608b078063831ded646fa023b51b6fe91d5732343c90d19d968270a0",
    "https://esm.sh/v91/websocket@1.0.34/deno/websocket.js": "5b8c49f566b79b262a91e24fd2fb3feafd0df198d5ec5f1f884171a330435e60"
  }
}
